Microsoft Visual Studio Solution File, Format Version 12.00
# Visual Studio Version 17
VisualStudioVersion = 17.5.2.0
MinimumVisualStudioVersion = 10.0.40219.1
Project("{FAE04EC0-301F-11D3-BF4B-00C04F79EFBC}") = "MouseMover", "MouseMover.csproj", "{BB09F3B3-1030-8F87-90DD-4C12A97BBA92}"
EndProject
Global
	GlobalSection(SolutionConfigurationPlatforms) = preSolution
		Debug|Any CPU = Debug|Any CPU
		Release|Any CPU = Release|Any CPU
	EndGlobalSection
	GlobalSection(ProjectConfigurationPlatforms) = postSolution
		{BB09F3B3-1030-8F87-90DD-4C12A97BBA92}.Debug|Any CPU.ActiveCfg = Debug|Any CPU
		{BB09F3B3-1030-8F87-90DD-4C12A97BBA92}.Debug|Any CPU.Build.0 = Debug|Any CPU
		{BB09F3B3-1030-8F87-90DD-4C12A97BBA92}.Release|Any CPU.ActiveCfg = Release|Any CPU
		{BB09F3B3-1030-8F87-90DD-4C12A97BBA92}.Release|Any CPU.Build.0 = Release|Any CPU
	EndGlobalSection
	GlobalSection(SolutionProperties) = preSolution
		HideSolutionNode = FALSE
	EndGlobalSection
	GlobalSection(ExtensibilityGlobals) = postSolution
		SolutionGuid = {2AF7275B-3EFE-4478-AE31-69472A1A138E}
	EndGlobalSection
EndGlobal
